// !$*UTF8*$!
{
	archiveVersion = 1;
	classes = {
	};
	objectVersion = 50;
	objects = {

/* Begin PBXBuildFile section */
		23DFB0BD255EA427008B28CF /* NoInternetView.swift in Sources */ = {isa = PBXBuildFile; fileRef = 23DFB0BC255EA427008B28CF /* NoInternetView.swift */; };
		A30C881F25082BB100352F16 /* BotMenuViewController.swift in Sources */ = {isa = PBXBuildFile; fileRef = A30C881E25082BB100352F16 /* BotMenuViewController.swift */; };
		A30C882125082BC600352F16 /* BotMenuView.swift in Sources */ = {isa = PBXBuildFile; fileRef = A30C882025082BC600352F16 /* BotMenuView.swift */; };
		A30F697A24EB243B00D7CFBB /* Temperature.swift in Sources */ = {isa = PBXBuildFile; fileRef = A30F697924EB243B00D7CFBB /* Temperature.swift */; };
		A30F697C24EB30D000D7CFBB /* MoonPhase.swift in Sources */ = {isa = PBXBuildFile; fileRef = A30F697B24EB30D000D7CFBB /* MoonPhase.swift */; };
		A31629CA24CA2B02003AF90B /* AppDelegate.swift in Sources */ = {isa = PBXBuildFile; fileRef = A31629C924CA2B02003AF90B /* AppDelegate.swift */; };
		A31629CC24CA2B02003AF90B /* SceneDelegate.swift in Sources */ = {isa = PBXBuildFile; fileRef = A31629CB24CA2B02003AF90B /* SceneDelegate.swift */; };
		A31629CE24CA2B02003AF90B /* ViewController.swift in Sources */ = {isa = PBXBuildFile; fileRef = A31629CD24CA2B02003AF90B /* ViewController.swift */; };
		A31629D124CA2B02003AF90B /* Main.storyboard in Resources */ = {isa = PBXBuildFile; fileRef = A31629CF24CA2B02003AF90B /* Main.storyboard */; };
		A31629D324CA2B04003AF90B /* Assets.xcassets in Resources */ = {isa = PBXBuildFile; fileRef = A31629D224CA2B04003AF90B /* Assets.xcassets */; };
		A31629D624CA2B04003AF90B /* LaunchScreen.storyboard in Resources */ = {isa = PBXBuildFile; fileRef = A31629D424CA2B04003AF90B /* LaunchScreen.storyboard */; };
		A31629E124CA2B05003AF90B /* NewSimpleWeatherTests.swift in Sources */ = {isa = PBXBuildFile; fileRef = A31629E024CA2B05003AF90B /* NewSimpleWeatherTests.swift */; };
		A31629EC24CA2B05003AF90B /* NewSimpleWeatherUITests.swift in Sources */ = {isa = PBXBuildFile; fileRef = A31629EB24CA2B05003AF90B /* NewSimpleWeatherUITests.swift */; };
		A3291EAE24CAA25F0064CB06 /* UIColor.swift in Sources */ = {isa = PBXBuildFile; fileRef = A3291EAD24CAA25F0064CB06 /* UIColor.swift */; };
		A32DFDB024EC4FCB00B1CAED /* NextWeather.swift in Sources */ = {isa = PBXBuildFile; fileRef = A32DFDAF24EC4FCB00B1CAED /* NextWeather.swift */; };
		A32DFDB324EC562C00B1CAED /* APIError.swift in Sources */ = {isa = PBXBuildFile; fileRef = A32DFDB224EC562C00B1CAED /* APIError.swift */; };
		A32DFDB524EC65C000B1CAED /* MainScreenView.swift in Sources */ = {isa = PBXBuildFile; fileRef = A32DFDB424EC65C000B1CAED /* MainScreenView.swift */; };
		A34CE30824D8EB7D00747092 /* WeatherViewController.swift in Sources */ = {isa = PBXBuildFile; fileRef = A34CE30724D8EB7D00747092 /* WeatherViewController.swift */; };
		A34CE30B24D8ECF500747092 /* Location.swift in Sources */ = {isa = PBXBuildFile; fileRef = A34CE30A24D8ECF500747092 /* Location.swift */; };
		A353473E25199A2E009741C0 /* BotNextDayView.swift in Sources */ = {isa = PBXBuildFile; fileRef = A353473D25199A2E009741C0 /* BotNextDayView.swift */; };
		A356E5D824F8857B006B8BF5 /* TopMenuView.swift in Sources */ = {isa = PBXBuildFile; fileRef = A356E5D724F8857B006B8BF5 /* TopMenuView.swift */; };
		A37E380A24F71118003EEB2C /* TopMenuViewController.swift in Sources */ = {isa = PBXBuildFile; fileRef = A37E380924F71118003EEB2C /* TopMenuViewController.swift */; };
		A3A6FCEE24DE31D0005012D5 /* IconWeather.swift in Sources */ = {isa = PBXBuildFile; fileRef = A3A6FCED24DE31D0005012D5 /* IconWeather.swift */; };
		A3A9A4DD24E6C41A00AEE26E /* Reachability.swift in Sources */ = {isa = PBXBuildFile; fileRef = A3A9A4DC24E6C41A00AEE26E /* Reachability.swift */; };
		A3B82A5C251ACE110001524E /* CountrySelectorViewController.swift in Sources */ = {isa = PBXBuildFile; fileRef = A3B82A5B251ACE110001524E /* CountrySelectorViewController.swift */; };
		A3B9E8A524D1327D00688C16 /* APIRequest.swift in Sources */ = {isa = PBXBuildFile; fileRef = A3B9E8A424D1327D00688C16 /* APIRequest.swift */; };
		A3B9E8A824D1342D00688C16 /* WeatherModel.swift in Sources */ = {isa = PBXBuildFile; fileRef = A3B9E8A724D1342D00688C16 /* WeatherModel.swift */; };
		A3C8596124CCDCF200C7CF71 /* Constants.swift in Sources */ = {isa = PBXBuildFile; fileRef = A3C8596024CCDCF200C7CF71 /* Constants.swift */; };
		A3DF615C250014410014571B /* UIView.swift in Sources */ = {isa = PBXBuildFile; fileRef = A3DF615B250014410014571B /* UIView.swift */; };
		A3E620C724E8D37200FBDEFD /* TodayWeather.swift in Sources */ = {isa = PBXBuildFile; fileRef = A3E620C624E8D37200FBDEFD /* TodayWeather.swift */; };
/* End PBXBuildFile section */

/* Begin PBXContainerItemProxy section */
		A31629DD24CA2B05003AF90B /* PBXContainerItemProxy */ = {
			isa = PBXContainerItemProxy;
			containerPortal = A31629BE24CA2B02003AF90B /* Project object */;
			proxyType = 1;
			remoteGlobalIDString = A31629C524CA2B02003AF90B;
			remoteInfo = NewSimpleWeather;
		};
		A31629E824CA2B05003AF90B /* PBXContainerItemProxy */ = {
			isa = PBXContainerItemProxy;
			containerPortal = A31629BE24CA2B02003AF90B /* Project object */;
			proxyType = 1;
			remoteGlobalIDString = A31629C524CA2B02003AF90B;
			remoteInfo = NewSimpleWeather;
		};
/* End PBXContainerItemProxy section */

/* Begin PBXFileReference section */
		23DFB0BC255EA427008B28CF /* NoInternetView.swift */ = {isa = PBXFileReference; lastKnownFileType = sourcecode.swift; path = NoInternetView.swift; sourceTree = "<group>"; };
		A30C881E25082BB100352F16 /* BotMenuViewController.swift */ = {isa = PBXFileReference; lastKnownFileType = sourcecode.swift; path = BotMenuViewController.swift; sourceTree = "<group>"; };
		A30C882025082BC600352F16 /* BotMenuView.swift */ = {isa = PBXFileReference; lastKnownFileType = sourcecode.swift; path = BotMenuView.swift; sourceTree = "<group>"; };
		A30F697924EB243B00D7CFBB /* Temperature.swift */ = {isa = PBXFileReference; lastKnownFileType = sourcecode.swift; path = Temperature.swift; sourceTree = "<group>"; };
		A30F697B24EB30D000D7CFBB /* MoonPhase.swift */ = {isa = PBXFileReference; lastKnownFileType = sourcecode.swift; path = MoonPhase.swift; sourceTree = "<group>"; };
		A31629C624CA2B02003AF90B /* NewSimpleWeather.app */ = {isa = PBXFileReference; explicitFileType = wrapper.application; includeInIndex = 0; path = NewSimpleWeather.app; sourceTree = BUILT_PRODUCTS_DIR; };
		A31629C924CA2B02003AF90B /* AppDelegate.swift */ = {isa = PBXFileReference; lastKnownFileType = sourcecode.swift; path = AppDelegate.swift; sourceTree = "<group>"; };
		A31629CB24CA2B02003AF90B /* SceneDelegate.swift */ = {isa = PBXFileReference; lastKnownFileType = sourcecode.swift; path = SceneDelegate.swift; sourceTree = "<group>"; };
		A31629CD24CA2B02003AF90B /* ViewController.swift */ = {isa = PBXFileReference; lastKnownFileType = sourcecode.swift; path = ViewController.swift; sourceTree = "<group>"; };
		A31629D024CA2B02003AF90B /* Base */ = {isa = PBXFileReference; lastKnownFileType = file.storyboard; name = Base; path = Base.lproj/Main.storyboard; sourceTree = "<group>"; };
		A31629D224CA2B04003AF90B /* Assets.xcassets */ = {isa = PBXFileReference; lastKnownFileType = folder.assetcatalog; path = Assets.xcassets; sourceTree = "<group>"; };
		A31629D524CA2B04003AF90B /* Base */ = {isa = PBXFileReference; lastKnownFileType = file.storyboard; name = Base; path = Base.lproj/LaunchScreen.storyboard; sourceTree = "<group>"; };
		A31629D724CA2B04003AF90B /* Info.plist */ = {isa = PBXFileReference; lastKnownFileType = text.plist.xml; path = Info.plist; sourceTree = "<group>"; };
		A31629DC24CA2B05003AF90B /* NewSimpleWeatherTests.xctest */ = {isa = PBXFileReference; explicitFileType = wrapper.cfbundle; includeInIndex = 0; path = NewSimpleWeatherTests.xctest; sourceTree = BUILT_PRODUCTS_DIR; };
		A31629E024CA2B05003AF90B /* NewSimpleWeatherTests.swift */ = {isa = PBXFileReference; lastKnownFileType = sourcecode.swift; path = NewSimpleWeatherTests.swift; sourceTree = "<group>"; };
		A31629E224CA2B05003AF90B /* Info.plist */ = {isa = PBXFileReference; lastKnownFileType = text.plist.xml; path = Info.plist; sourceTree = "<group>"; };
		A31629E724CA2B05003AF90B /* NewSimpleWeatherUITests.xctest */ = {isa = PBXFileReference; explicitFileType = wrapper.cfbundle; includeInIndex = 0; path = NewSimpleWeatherUITests.xctest; sourceTree = BUILT_PRODUCTS_DIR; };
		A31629EB24CA2B05003AF90B /* NewSimpleWeatherUITests.swift */ = {isa = PBXFileReference; lastKnownFileType = sourcecode.swift; path = NewSimpleWeatherUITests.swift; sourceTree = "<group>"; };
		A31629ED24CA2B05003AF90B /* Info.plist */ = {isa = PBXFileReference; lastKnownFileType = text.plist.xml; path = Info.plist; sourceTree = "<group>"; };
		A3291EAD24CAA25F0064CB06 /* UIColor.swift */ = {isa = PBXFileReference; lastKnownFileType = sourcecode.swift; path = UIColor.swift; sourceTree = "<group>"; };
		A32DFDAF24EC4FCB00B1CAED /* NextWeather.swift */ = {isa = PBXFileReference; lastKnownFileType = sourcecode.swift; path = NextWeather.swift; sourceTree = "<group>"; };
		A32DFDB224EC562C00B1CAED /* APIError.swift */ = {isa = PBXFileReference; lastKnownFileType = sourcecode.swift; path = APIError.swift; sourceTree = "<group>"; };
		A32DFDB424EC65C000B1CAED /* MainScreenView.swift */ = {isa = PBXFileReference; lastKnownFileType = sourcecode.swift; path = MainScreenView.swift; sourceTree = "<group>"; };
		A34CE30724D8EB7D00747092 /* WeatherViewController.swift */ = {isa = PBXFileReference; lastKnownFileType = sourcecode.swift; path = WeatherViewController.swift; sourceTree = "<group>"; };
		A34CE30A24D8ECF500747092 /* Location.swift */ = {isa = PBXFileReference; lastKnownFileType = sourcecode.swift; path = Location.swift; sourceTree = "<group>"; };
		A353473D25199A2E009741C0 /* BotNextDayView.swift */ = {isa = PBXFileReference; lastKnownFileType = sourcecode.swift; path = BotNextDayView.swift; sourceTree = "<group>"; };
		A356E5D724F8857B006B8BF5 /* TopMenuView.swift */ = {isa = PBXFileReference; lastKnownFileType = sourcecode.swift; path = TopMenuView.swift; sourceTree = "<group>"; };
		A37E380924F71118003EEB2C /* TopMenuViewController.swift */ = {isa = PBXFileReference; lastKnownFileType = sourcecode.swift; path = TopMenuViewController.swift; sourceTree = "<group>"; };
		A3A6FCED24DE31D0005012D5 /* IconWeather.swift */ = {isa = PBXFileReference; lastKnownFileType = sourcecode.swift; path = IconWeather.swift; sourceTree = "<group>"; };
		A3A9A4DC24E6C41A00AEE26E /* Reachability.swift */ = {isa = PBXFileReference; lastKnownFileType = sourcecode.swift; path = Reachability.swift; sourceTree = "<group>"; };
		A3B82A5B251ACE110001524E /* CountrySelectorViewController.swift */ = {isa = PBXFileReference; lastKnownFileType = sourcecode.swift; path = CountrySelectorViewController.swift; sourceTree = "<group>"; };
		A3B9E8A424D1327D00688C16 /* APIRequest.swift */ = {isa = PBXFileReference; lastKnownFileType = sourcecode.swift; path = APIRequest.swift; sourceTree = "<group>"; };
		A3B9E8A724D1342D00688C16 /* WeatherModel.swift */ = {isa = PBXFileReference; lastKnownFileType = sourcecode.swift; path = WeatherModel.swift; sourceTree = "<group>"; };
		A3C8596024CCDCF200C7CF71 /* Constants.swift */ = {isa = PBXFileReference; lastKnownFileType = sourcecode.swift; path = Constants.swift; sourceTree = "<group>"; };
		A3DF615B250014410014571B /* UIView.swift */ = {isa = PBXFileReference; lastKnownFileType = sourcecode.swift; path = UIView.swift; sourceTree = "<group>"; };
		A3E620C624E8D37200FBDEFD /* TodayWeather.swift */ = {isa = PBXFileReference; lastKnownFileType = sourcecode.swift; path = TodayWeather.swift; sourceTree = "<group>"; };
/* End PBXFileReference section */

/* Begin PBXFrameworksBuildPhase section */
		A31629C324CA2B02003AF90B /* Frameworks */ = {
			isa = PBXFrameworksBuildPhase;
			buildActionMask = 2147483647;
			files = (
			);
			runOnlyForDeploymentPostprocessing = 0;
		};
		A31629D924CA2B05003AF90B /* Frameworks */ = {
			isa = PBXFrameworksBuildPhase;
			buildActionMask = 2147483647;
			files = (
			);
			runOnlyForDeploymentPostprocessing = 0;
		};
		A31629E424CA2B05003AF90B /* Frameworks */ = {
			isa = PBXFrameworksBuildPhase;
			buildActionMask = 2147483647;
			files = (
			);
			runOnlyForDeploymentPostprocessing = 0;
		};
/* End PBXFrameworksBuildPhase section */

/* Begin PBXGroup section */
		A31629BD24CA2B02003AF90B = {
			isa = PBXGroup;
			children = (
				A31629C824CA2B02003AF90B /* NewSimpleWeather */,
				A31629DF24CA2B05003AF90B /* NewSimpleWeatherTests */,
				A31629EA24CA2B05003AF90B /* NewSimpleWeatherUITests */,
				A31629C724CA2B02003AF90B /* Products */,
			);
			sourceTree = "<group>";
		};
		A31629C724CA2B02003AF90B /* Products */ = {
			isa = PBXGroup;
			children = (
				A31629C624CA2B02003AF90B /* NewSimpleWeather.app */,
				A31629DC24CA2B05003AF90B /* NewSimpleWeatherTests.xctest */,
				A31629E724CA2B05003AF90B /* NewSimpleWeatherUITests.xctest */,
			);
			name = Products;
			sourceTree = "<group>";
		};
		A31629C824CA2B02003AF90B /* NewSimpleWeather */ = {
			isa = PBXGroup;
			children = (
				A31629CF24CA2B02003AF90B /* Main.storyboard */,
				A31629D424CA2B04003AF90B /* LaunchScreen.storyboard */,
				A34CE30924D8EBD300747092 /* Views */,
				A34CE30624D8EB4A00747092 /* Controllers */,
				A3B9E8A624D1341B00688C16 /* Model */,
				A3B9E8A324D1320A00688C16 /* API */,
				A3291EAF24CAA2C90064CB06 /* Utils */,
				A31629C924CA2B02003AF90B /* AppDelegate.swift */,
				A31629CB24CA2B02003AF90B /* SceneDelegate.swift */,
				A31629CD24CA2B02003AF90B /* ViewController.swift */,
				A31629D224CA2B04003AF90B /* Assets.xcassets */,
				A31629D724CA2B04003AF90B /* Info.plist */,
			);
			path = NewSimpleWeather;
			sourceTree = "<group>";
		};
		A31629DF24CA2B05003AF90B /* NewSimpleWeatherTests */ = {
			isa = PBXGroup;
			children = (
				A31629E024CA2B05003AF90B /* NewSimpleWeatherTests.swift */,
				A31629E224CA2B05003AF90B /* Info.plist */,
			);
			path = NewSimpleWeatherTests;
			sourceTree = "<group>";
		};
		A31629EA24CA2B05003AF90B /* NewSimpleWeatherUITests */ = {
			isa = PBXGroup;
			children = (
				A31629EB24CA2B05003AF90B /* NewSimpleWeatherUITests.swift */,
				A31629ED24CA2B05003AF90B /* Info.plist */,
			);
			path = NewSimpleWeatherUITests;
			sourceTree = "<group>";
		};
		A3291EAF24CAA2C90064CB06 /* Utils */ = {
			isa = PBXGroup;
			children = (
				A3291EAD24CAA25F0064CB06 /* UIColor.swift */,
				A3C8596024CCDCF200C7CF71 /* Constants.swift */,
				A3A9A4DC24E6C41A00AEE26E /* Reachability.swift */,
				A30F697924EB243B00D7CFBB /* Temperature.swift */,
				A3DF615B250014410014571B /* UIView.swift */,
			);
			path = Utils;
			sourceTree = "<group>";
		};
		A34CE30624D8EB4A00747092 /* Controllers */ = {
			isa = PBXGroup;
			children = (
				A34CE30724D8EB7D00747092 /* WeatherViewController.swift */,
				A37E380924F71118003EEB2C /* TopMenuViewController.swift */,
				A30C881E25082BB100352F16 /* BotMenuViewController.swift */,
				A3B82A5B251ACE110001524E /* CountrySelectorViewController.swift */,
				A34CE30A24D8ECF500747092 /* Location.swift */,
			);
			path = Controllers;
			sourceTree = "<group>";
		};
		A34CE30924D8EBD300747092 /* Views */ = {
			isa = PBXGroup;
			children = (
				A32DFDB424EC65C000B1CAED /* MainScreenView.swift */,
				A356E5D724F8857B006B8BF5 /* TopMenuView.swift */,
				A30C882025082BC600352F16 /* BotMenuView.swift */,
				A353473D25199A2E009741C0 /* BotNextDayView.swift */,
				23DFB0BC255EA427008B28CF /* NoInternetView.swift */,
			);
			path = Views;
			sourceTree = "<group>";
		};
		A3B9E8A324D1320A00688C16 /* API */ = {
			isa = PBXGroup;
			children = (
				A32DFDB224EC562C00B1CAED /* APIError.swift */,
				A3B9E8A424D1327D00688C16 /* APIRequest.swift */,
			);
			path = API;
			sourceTree = "<group>";
		};
		A3B9E8A624D1341B00688C16 /* Model */ = {
			isa = PBXGroup;
			children = (
				A3A6FCED24DE31D0005012D5 /* IconWeather.swift */,
				A30F697B24EB30D000D7CFBB /* MoonPhase.swift */,
				A3B9E8A724D1342D00688C16 /* WeatherModel.swift */,
				A3E620C624E8D37200FBDEFD /* TodayWeather.swift */,
				A32DFDAF24EC4FCB00B1CAED /* NextWeather.swift */,
			);
			path = Model;
			sourceTree = "<group>";
		};
/* End PBXGroup section */

/* Begin PBXNativeTarget section */
		A31629C524CA2B02003AF90B /* NewSimpleWeather */ = {
			isa = PBXNativeTarget;
			buildConfigurationList = A31629F024CA2B05003AF90B /* Build configuration list for PBXNativeTarget "NewSimpleWeather" */;
			buildPhases = (
				A31629C224CA2B02003AF90B /* Sources */,
				A31629C324CA2B02003AF90B /* Frameworks */,
				A31629C424CA2B02003AF90B /* Resources */,
			);
			buildRules = (
			);
			dependencies = (
			);
			name = NewSimpleWeather;
			productName = NewSimpleWeather;
			productReference = A31629C624CA2B02003AF90B /* NewSimpleWeather.app */;
			productType = "com.apple.product-type.application";
		};
		A31629DB24CA2B05003AF90B /* NewSimpleWeatherTests */ = {
			isa = PBXNativeTarget;
			buildConfigurationList = A31629F324CA2B05003AF90B /* Build configuration list for PBXNativeTarget "NewSimpleWeatherTests" */;
			buildPhases = (
				A31629D824CA2B05003AF90B /* Sources */,
				A31629D924CA2B05003AF90B /* Frameworks */,
				A31629DA24CA2B05003AF90B /* Resources */,
			);
			buildRules = (
			);
			dependencies = (
				A31629DE24CA2B05003AF90B /* PBXTargetDependency */,
			);
			name = NewSimpleWeatherTests;
			productName = NewSimpleWeatherTests;
			productReference = A31629DC24CA2B05003AF90B /* NewSimpleWeatherTests.xctest */;
			productType = "com.apple.product-type.bundle.unit-test";
		};
		A31629E624CA2B05003AF90B /* NewSimpleWeatherUITests */ = {
			isa = PBXNativeTarget;
			buildConfigurationList = A31629F624CA2B05003AF90B /* Build configuration list for PBXNativeTarget "NewSimpleWeatherUITests" */;
			buildPhases = (
				A31629E324CA2B05003AF90B /* Sources */,
				A31629E424CA2B05003AF90B /* Frameworks */,
				A31629E524CA2B05003AF90B /* Resources */,
			);
			buildRules = (
			);
			dependencies = (
				A31629E924CA2B05003AF90B /* PBXTargetDependency */,
			);
			name = NewSimpleWeatherUITests;
			productName = NewSimpleWeatherUITests;
			productReference = A31629E724CA2B05003AF90B /* NewSimpleWeatherUITests.xctest */;
			productType = "com.apple.product-type.bundle.ui-testing";
		};
/* End PBXNativeTarget section */

/* Begin PBXProject section */
		A31629BE24CA2B02003AF90B /* Project object */ = {
			isa = PBXProject;
			attributes = {
				LastSwiftUpdateCheck = 1120;
				LastUpgradeCheck = 1120;
				ORGANIZATIONNAME = "Júlia Yamamoto";
				TargetAttributes = {
					A31629C524CA2B02003AF90B = {
						CreatedOnToolsVersion = 11.2.1;
					};
					A31629DB24CA2B05003AF90B = {
						CreatedOnToolsVersion = 11.2.1;
						TestTargetID = A31629C524CA2B02003AF90B;
					};
					A31629E624CA2B05003AF90B = {
						CreatedOnToolsVersion = 11.2.1;
						TestTargetID = A31629C524CA2B02003AF90B;
					};
				};
			};
			buildConfigurationList = A31629C124CA2B02003AF90B /* Build configuration list for PBXProject "NewSimpleWeather" */;
			compatibilityVersion = "Xcode 9.3";
			developmentRegion = en;
			hasScannedForEncodings = 0;
			knownRegions = (
				en,
				Base,
			);
			mainGroup = A31629BD24CA2B02003AF90B;
			productRefGroup = A31629C724CA2B02003AF90B /* Products */;
			projectDirPath = "";
			projectRoot = "";
			targets = (
				A31629C524CA2B02003AF90B /* NewSimpleWeather */,
				A31629DB24CA2B05003AF90B /* NewSimpleWeatherTests */,
				A31629E624CA2B05003AF90B /* NewSimpleWeatherUITests */,
			);
		};
/* End PBXProject section */

/* Begin PBXResourcesBuildPhase section */
		A31629C424CA2B02003AF90B /* Resources */ = {
			isa = PBXResourcesBuildPhase;
			buildActionMask = 2147483647;
			files = (
				A31629D624CA2B04003AF90B /* LaunchScreen.storyboard in Resources */,
				A31629D324CA2B04003AF90B /* Assets.xcassets in Resources */,
				A31629D124CA2B02003AF90B /* Main.storyboard in Resources */,
			);
			runOnlyForDeploymentPostprocessing = 0;
		};
		A31629DA24CA2B05003AF90B /* Resources */ = {
			isa = PBXResourcesBuildPhase;
			buildActionMask = 2147483647;
			files = (
			);
			runOnlyForDeploymentPostprocessing = 0;
		};
		A31629E524CA2B05003AF90B /* Resources */ = {
			isa = PBXResourcesBuildPhase;
			buildActionMask = 2147483647;
			files = (
			);
			runOnlyForDeploymentPostprocessing = 0;
		};
/* End PBXResourcesBuildPhase section */

/* Begin PBXSourcesBuildPhase section */
		A31629C224CA2B02003AF90B /* Sources */ = {
			isa = PBXSourcesBuildPhase;
			buildActionMask = 2147483647;
			files = (
				A3DF615C250014410014571B /* UIView.swift in Sources */,
				A3C8596124CCDCF200C7CF71 /* Constants.swift in Sources */,
				A31629CE24CA2B02003AF90B /* ViewController.swift in Sources */,
				A3B9E8A524D1327D00688C16 /* APIRequest.swift in Sources */,
				23DFB0BD255EA427008B28CF /* NoInternetView.swift in Sources */,
				A3A6FCEE24DE31D0005012D5 /* IconWeather.swift in Sources */,
				A3B9E8A824D1342D00688C16 /* WeatherModel.swift in Sources */,
				A37E380A24F71118003EEB2C /* TopMenuViewController.swift in Sources */,
				A356E5D824F8857B006B8BF5 /* TopMenuView.swift in Sources */,
				A32DFDB524EC65C000B1CAED /* MainScreenView.swift in Sources */,
				A34CE30B24D8ECF500747092 /* Location.swift in Sources */,
				A3B82A5C251ACE110001524E /* CountrySelectorViewController.swift in Sources */,
				A3291EAE24CAA25F0064CB06 /* UIColor.swift in Sources */,
				A32DFDB324EC562C00B1CAED /* APIError.swift in Sources */,
				A353473E25199A2E009741C0 /* BotNextDayView.swift in Sources */,
				A3A9A4DD24E6C41A00AEE26E /* Reachability.swift in Sources */,
				A30C881F25082BB100352F16 /* BotMenuViewController.swift in Sources */,
				A30F697C24EB30D000D7CFBB /* MoonPhase.swift in Sources */,
				A34CE30824D8EB7D00747092 /* WeatherViewController.swift in Sources */,
				A30F697A24EB243B00D7CFBB /* Temperature.swift in Sources */,
				A31629CA24CA2B02003AF90B /* AppDelegate.swift in Sources */,
				A3E620C724E8D37200FBDEFD /* TodayWeather.swift in Sources */,
				A32DFDB024EC4FCB00B1CAED /* NextWeather.swift in Sources */,
				A31629CC24CA2B02003AF90B /* SceneDelegate.swift in Sources */,
				A30C882125082BC600352F16 /* BotMenuView.swift in Sources */,
			);
			runOnlyForDeploymentPostprocessing = 0;
		};
		A31629D824CA2B05003AF90B /* Sources */ = {
			isa = PBXSourcesBuildPhase;
			buildActionMask = 2147483647;
			files = (
				A31629E124CA2B05003AF90B /* NewSimpleWeatherTests.swift in Sources */,
			);
			runOnlyForDeploymentPostprocessing = 0;
		};
		A31629E324CA2B05003AF90B /* Sources */ = {
			isa = PBXSourcesBuildPhase;
			buildActionMask = 2147483647;
			files = (
				A31629EC24CA2B05003AF90B /* NewSimpleWeatherUITests.swift in Sources */,
			);
			runOnlyForDeploymentPostprocessing = 0;
		};
/* End PBXSourcesBuildPhase section */

/* Begin PBXTargetDependency section */
		A31629DE24CA2B05003AF90B /* PBXTargetDependency */ = {
			isa = PBXTargetDependency;
			target = A31629C524CA2B02003AF90B /* NewSimpleWeather */;
			targetProxy = A31629DD24CA2B05003AF90B /* PBXContainerItemProxy */;
		};
		A31629E924CA2B05003AF90B /* PBXTargetDependency */ = {
			isa = PBXTargetDependency;
			target = A31629C524CA2B02003AF90B /* NewSimpleWeather */;
			targetProxy = A31629E824CA2B05003AF90B /* PBXContainerItemProxy */;
		};
/* End PBXTargetDependency section */

/* Begin PBXVariantGroup section */
		A31629CF24CA2B02003AF90B /* Main.storyboard */ = {
			isa = PBXVariantGroup;
			children = (
				A31629D024CA2B02003AF90B /* Base */,
			);
			name = Main.storyboard;
			sourceTree = "<group>";
		};
		A31629D424CA2B04003AF90B /* LaunchScreen.storyboard */ = {
			isa = PBXVariantGroup;
			children = (
				A31629D524CA2B04003AF90B /* Base */,
			);
			name = LaunchScreen.storyboard;
			sourceTree = "<group>";
		};
/* End PBXVariantGroup section */

/* Begin XCBuildConfiguration section */
		A31629EE24CA2B05003AF90B /* Debug */ = {
			isa = XCBuildConfiguration;
			buildSettings = {
				ALWAYS_SEARCH_USER_PATHS = NO;
				CLANG_ANALYZER_NONNULL = YES;
				CLANG_ANALYZER_NUMBER_OBJECT_CONVERSION = YES_AGGRESSIVE;
				CLANG_CXX_LANGUAGE_STANDARD = "gnu++14";
				CLANG_CXX_LIBRARY = "libc++";
				CLANG_ENABLE_MODULES = YES;
				CLANG_ENABLE_OBJC_ARC = YES;
				CLANG_ENABLE_OBJC_WEAK = YES;
				CLANG_WARN_BLOCK_CAPTURE_AUTORELEASING = YES;
				CLANG_WARN_BOOL_CONVERSION = YES;
				CLANG_WARN_COMMA = YES;
				CLANG_WARN_CONSTANT_CONVERSION = YES;
				CLANG_WARN_DEPRECATED_OBJC_IMPLEMENTATIONS = YES;
				CLANG_WARN_DIRECT_OBJC_ISA_USAGE = YES_ERROR;
				CLANG_WARN_DOCUMENTATION_COMMENTS = YES;
				CLANG_WARN_EMPTY_BODY = YES;
				CLANG_WARN_ENUM_CONVERSION = YES;
				CLANG_WARN_INFINITE_RECURSION = YES;
				CLANG_WARN_INT_CONVERSION = YES;
				CLANG_WARN_NON_LITERAL_NULL_CONVERSION = YES;
				CLANG_WARN_OBJC_IMPLICIT_RETAIN_SELF = YES;
				CLANG_WARN_OBJC_LITERAL_CONVERSION = YES;
				CLANG_WARN_OBJC_ROOT_CLASS = YES_ERROR;
				CLANG_WARN_RANGE_LOOP_ANALYSIS = YES;
				CLANG_WARN_STRICT_PROTOTYPES = YES;
				CLANG_WARN_SUSPICIOUS_MOVE = YES;
				CLANG_WARN_UNGUARDED_AVAILABILITY = YES_AGGRESSIVE;
				CLANG_WARN_UNREACHABLE_CODE = YES;
				CLANG_WARN__DUPLICATE_METHOD_MATCH = YES;
				COPY_PHASE_STRIP = NO;
				DEBUG_INFORMATION_FORMAT = dwarf;
				ENABLE_STRICT_OBJC_MSGSEND = YES;
				ENABLE_TESTABILITY = YES;
				GCC_C_LANGUAGE_STANDARD = gnu11;
				GCC_DYNAMIC_NO_PIC = NO;
				GCC_NO_COMMON_BLOCKS = YES;
				GCC_OPTIMIZATION_LEVEL = 0;
				GCC_PREPROCESSOR_DEFINITIONS = (
					"DEBUG=1",
					"$(inherited)",
				);
				GCC_WARN_64_TO_32_BIT_CONVERSION = YES;
				GCC_WARN_ABOUT_RETURN_TYPE = YES_ERROR;
				GCC_WARN_UNDECLARED_SELECTOR = YES;
				GCC_WARN_UNINITIALIZED_AUTOS = YES_AGGRESSIVE;
				GCC_WARN_UNUSED_FUNCTION = YES;
				GCC_WARN_UNUSED_VARIABLE = YES;
				IPHONEOS_DEPLOYMENT_TARGET = 13.2;
				MTL_ENABLE_DEBUG_INFO = INCLUDE_SOURCE;
				MTL_FAST_MATH = YES;
				ONLY_ACTIVE_ARCH = YES;
				SDKROOT = iphoneos;
				SWIFT_ACTIVE_COMPILATION_CONDITIONS = DEBUG;
				SWIFT_OPTIMIZATION_LEVEL = "-Onone";
			};
			name = Debug;
		};
		A31629EF24CA2B05003AF90B /* Release */ = {
			isa = XCBuildConfiguration;
			buildSettings = {
				ALWAYS_SEARCH_USER_PATHS = NO;
				CLANG_ANALYZER_NONNULL = YES;
				CLANG_ANALYZER_NUMBER_OBJECT_CONVERSION = YES_AGGRESSIVE;
				CLANG_CXX_LANGUAGE_STANDARD = "gnu++14";
				CLANG_CXX_LIBRARY = "libc++";
				CLANG_ENABLE_MODULES = YES;
				CLANG_ENABLE_OBJC_ARC = YES;
				CLANG_ENABLE_OBJC_WEAK = YES;
				CLANG_WARN_BLOCK_CAPTURE_AUTORELEASING = YES;
				CLANG_WARN_BOOL_CONVERSION = YES;
				CLANG_WARN_COMMA = YES;
				CLANG_WARN_CONSTANT_CONVERSION = YES;
				CLANG_WARN_DEPRECATED_OBJC_IMPLEMENTATIONS = YES;
				CLANG_WARN_DIRECT_OBJC_ISA_USAGE = YES_ERROR;
				CLANG_WARN_DOCUMENTATION_COMMENTS = YES;
				CLANG_WARN_EMPTY_BODY = YES;
				CLANG_WARN_ENUM_CONVERSION = YES;
				CLANG_WARN_INFINITE_RECURSION = YES;
				CLANG_WARN_INT_CONVERSION = YES;
				CLANG_WARN_NON_LITERAL_NULL_CONVERSION = YES;
				CLANG_WARN_OBJC_IMPLICIT_RETAIN_SELF = YES;
				CLANG_WARN_OBJC_LITERAL_CONVERSION = YES;
				CLANG_WARN_OBJC_ROOT_CLASS = YES_ERROR;
				CLANG_WARN_RANGE_LOOP_ANALYSIS = YES;
				CLANG_WARN_STRICT_PROTOTYPES = YES;
				CLANG_WARN_SUSPICIOUS_MOVE = YES;
				CLANG_WARN_UNGUARDED_AVAILABILITY = YES_AGGRESSIVE;
				CLANG_WARN_UNREACHABLE_CODE = YES;
				CLANG_WARN__DUPLICATE_METHOD_MATCH = YES;
				COPY_PHASE_STRIP = NO;
				DEBUG_INFORMATION_FORMAT = "dwarf-with-dsym";
				ENABLE_NS_ASSERTIONS = NO;
				ENABLE_STRICT_OBJC_MSGSEND = YES;
				GCC_C_LANGUAGE_STANDARD = gnu11;
				GCC_NO_COMMON_BLOCKS = YES;
				GCC_WARN_64_TO_32_BIT_CONVERSION = YES;
				GCC_WARN_ABOUT_RETURN_TYPE = YES_ERROR;
				GCC_WARN_UNDECLARED_SELECTOR = YES;
				GCC_WARN_UNINITIALIZED_AUTOS = YES_AGGRESSIVE;
				GCC_WARN_UNUSED_FUNCTION = YES;
				GCC_WARN_UNUSED_VARIABLE = YES;
				IPHONEOS_DEPLOYMENT_TARGET = 13.2;
				MTL_ENABLE_DEBUG_INFO = NO;
				MTL_FAST_MATH = YES;
				SDKROOT = iphoneos;
				SWIFT_COMPILATION_MODE = wholemodule;
				SWIFT_OPTIMIZATION_LEVEL = "-O";
				VALIDATE_PRODUCT = YES;
			};
			name = Release;
		};
		A31629F124CA2B05003AF90B /* Debug */ = {
			isa = XCBuildConfiguration;
			buildSettings = {
				ASSETCATALOG_COMPILER_APPICON_NAME = AppIcon;
				CODE_SIGN_STYLE = Automatic;
				DEVELOPMENT_TEAM = TET8UBYRXW;
				INFOPLIST_FILE = NewSimpleWeather/Info.plist;
				LD_RUNPATH_SEARCH_PATHS = (
					"$(inherited)",
					"@executable_path/Frameworks",
				);
				PRODUCT_BUNDLE_IDENTIFIER = juliaYa.NewSimpleWeather;
				PRODUCT_NAME = "$(TARGET_NAME)";
				SWIFT_VERSION = 5.0;
				TARGETED_DEVICE_FAMILY = "1,2";
			};
			name = Debug;
		};
		A31629F224CA2B05003AF90B /* Release */ = {
			isa = XCBuildConfiguration;
			buildSettings = {
				ASSETCATALOG_COMPILER_APPICON_NAME = AppIcon;
				CODE_SIGN_STYLE = Automatic;
				DEVELOPMENT_TEAM = TET8UBYRXW;
				INFOPLIST_FILE = NewSimpleWeather/Info.plist;
				LD_RUNPATH_SEARCH_PATHS = (
					"$(inherited)",
					"@executable_path/Frameworks",
				);
				PRODUCT_BUNDLE_IDENTIFIER = juliaYa.NewSimpleWeather;
				PRODUCT_NAME = "$(TARGET_NAME)";
				SWIFT_VERSION = 5.0;
				TARGETED_DEVICE_FAMILY = "1,2";
			};
			name = Release;
		};
		A31629F424CA2B05003AF90B /* Debug */ = {
			isa = XCBuildConfiguration;
			buildSettings = {
				ALWAYS_EMBED_SWIFT_STANDARD_LIBRARIES = YES;
				BUNDLE_LOADER = "$(TEST_HOST)";
				CODE_SIGN_STYLE = Automatic;
				DEVELOPMENT_TEAM = TET8UBYRXW;
				INFOPLIST_FILE = NewSimpleWeatherTests/Info.plist;
				IPHONEOS_DEPLOYMENT_TARGET = 13.2;
				LD_RUNPATH_SEARCH_PATHS = (
					"$(inherited)",
					"@executable_path/Frameworks",
					"@loader_path/Frameworks",
				);
				PRODUCT_BUNDLE_IDENTIFIER = juliaYa.NewSimpleWeatherTests;
				PRODUCT_NAME = "$(TARGET_NAME)";
				SWIFT_VERSION = 5.0;
				TARGETED_DEVICE_FAMILY = "1,2";
				TEST_HOST = "$(BUILT_PRODUCTS_DIR)/NewSimpleWeather.app/NewSimpleWeather";
			};
			name = Debug;
		};
		A31629F524CA2B05003AF90B /* Release */ = {
			isa = XCBuildConfiguration;
			buildSettings = {
				ALWAYS_EMBED_SWIFT_STANDARD_LIBRARIES = YES;
				BUNDLE_LOADER = "$(TEST_HOST)";
				CODE_SIGN_STYLE = Automatic;
				DEVELOPMENT_TEAM = TET8UBYRXW;
				INFOPLIST_FILE = NewSimpleWeatherTests/Info.plist;
				IPHONEOS_DEPLOYMENT_TARGET = 13.2;
				LD_RUNPATH_SEARCH_PATHS = (
					"$(inherited)",
					"@executable_path/Frameworks",
					"@loader_path/Frameworks",
				);
				PRODUCT_BUNDLE_IDENTIFIER = juliaYa.NewSimpleWeatherTests;
				PRODUCT_NAME = "$(TARGET_NAME)";
				SWIFT_VERSION = 5.0;
				TARGETED_DEVICE_FAMILY = "1,2";
				TEST_HOST = "$(BUILT_PRODUCTS_DIR)/NewSimpleWeather.app/NewSimpleWeather";
			};
			name = Release;
		};
		A31629F724CA2B05003AF90B /* Debug */ = {
			isa = XCBuildConfiguration;
			buildSettings = {
				ALWAYS_EMBED_SWIFT_STANDARD_LIBRARIES = YES;
				CODE_SIGN_STYLE = Automatic;
				DEVELOPMENT_TEAM = TET8UBYRXW;
				INFOPLIST_FILE = NewSimpleWeatherUITests/Info.plist;
				LD_RUNPATH_SEARCH_PATHS = (
					"$(inherited)",
					"@executable_path/Frameworks",
					"@loader_path/Frameworks",
				);
				PRODUCT_BUNDLE_IDENTIFIER = juliaYa.NewSimpleWeatherUITests;
				PRODUCT_NAME = "$(TARGET_NAME)";
				SWIFT_VERSION = 5.0;
				TARGETED_DEVICE_FAMILY = "1,2";
				TEST_TARGET_NAME = NewSimpleWeather;
			};
			name = Debug;
		};
		A31629F824CA2B05003AF90B /* Release */ = {
			isa = XCBuildConfiguration;
			buildSettings = {
				ALWAYS_EMBED_SWIFT_STANDARD_LIBRARIES = YES;
				CODE_SIGN_STYLE = Automatic;
				DEVELOPMENT_TEAM = TET8UBYRXW;
				INFOPLIST_FILE = NewSimpleWeatherUITests/Info.plist;
				LD_RUNPATH_SEARCH_PATHS = (
					"$(inherited)",
					"@executable_path/Frameworks",
					"@loader_path/Frameworks",
				);
				PRODUCT_BUNDLE_IDENTIFIER = juliaYa.NewSimpleWeatherUITests;
				PRODUCT_NAME = "$(TARGET_NAME)";
				SWIFT_VERSION = 5.0;
				TARGETED_DEVICE_FAMILY = "1,2";
				TEST_TARGET_NAME = NewSimpleWeather;
			};
			name = Release;
		};
/* End XCBuildConfiguration section */

/* Begin XCConfigurationList section */
		A31629C124CA2B02003AF90B /* Build configuration list for PBXProject "NewSimpleWeather" */ = {
			isa = XCConfigurationList;
			buildConfigurations = (
				A31629EE24CA2B05003AF90B /* Debug */,
				A31629EF24CA2B05003AF90B /* Release */,
			);
			defaultConfigurationIsVisible = 0;
			defaultConfigurationName = Release;
		};
		A31629F024CA2B05003AF90B /* Build configuration list for PBXNativeTarget "NewSimpleWeather" */ = {
			isa = XCConfigurationList;
			buildConfigurations = (
				A31629F124CA2B05003AF90B /* Debug */,
				A31629F224CA2B05003AF90B /* Release */,
			);
			defaultConfigurationIsVisible = 0;
			defaultConfigurationName = Release;
		};
		A31629F324CA2B05003AF90B /* Build configuration list for PBXNativeTarget "NewSimpleWeatherTests" */ = {
			isa = XCConfigurationList;
			buildConfigurations = (
				A31629F424CA2B05003AF90B /* Debug */,
				A31629F524CA2B05003AF90B /* Release */,
			);
			defaultConfigurationIsVisible = 0;
			defaultConfigurationName = Release;
		};
		A31629F624CA2B05003AF90B /* Build configuration list for PBXNativeTarget "NewSimpleWeatherUITests" */ = {
			isa = XCConfigurationList;
			buildConfigurations = (
				A31629F724CA2B05003AF90B /* Debug */,
				A31629F824CA2B05003AF90B /* Release */,
			);
			defaultConfigurationIsVisible = 0;
			defaultConfigurationName = Release;
		};
/* End XCConfigurationList section */
	};
	rootObject = A31629BE24CA2B02003AF90B /* Project object */;
}
